
Microsoft Visual Studio Solution File, Format Version 12.00
# Visual Studio 15
VisualStudioVersion = 15.0.26124.0
MinimumVisualStudioVersion = 15.0.26124.0
Project("{FAE04EC0-301F-11D3-BF4B-00C04F79EFBC}") = "net5", "root\net5.csproj", "{223FDB1F-ED41-4F44-B72D-6E0F3C9F1050}"
EndProject
Project("{F2A71F9B-5D33-465A-A702-920D77279786}") = "fs", "fs\fs.fsproj", "{2BC49330-8987-4C44-BAD7-C7BAD5AD9785}"
EndProject
Project("{FAE04EC0-301F-11D3-BF4B-00C04F79EFBC}") = "gen", "gen\gen.csproj", "{BB38BD2F-C1C4-4A27-918F-16167B40DE9C}"
EndProject
Project("{FAE04EC0-301F-11D3-BF4B-00C04F79EFBC}") = "tests", "tests\tests.csproj", "{5934B06A-A7DE-48BB-A9AB-28A0F3B8CBFD}"
EndProject
Global
	GlobalSection(SolutionConfigurationPlatforms) = preSolution
		Debug|Any CPU = Debug|Any CPU
		Debug|x64 = Debug|x64
		Debug|x86 = Debug|x86
		Release|Any CPU = Release|Any CPU
		Release|x64 = Release|x64
		Release|x86 = Release|x86
	EndGlobalSection
	GlobalSection(SolutionProperties) = preSolution
		HideSolutionNode = FALSE
	EndGlobalSection
	GlobalSection(ProjectConfigurationPlatforms) = postSolution
		{223FDB1F-ED41-4F44-B72D-6E0F3C9F1050}.Debug|Any CPU.ActiveCfg = Debug|Any CPU
		{223FDB1F-ED41-4F44-B72D-6E0F3C9F1050}.Debug|Any CPU.Build.0 = Debug|Any CPU
		{223FDB1F-ED41-4F44-B72D-6E0F3C9F1050}.Debug|x64.ActiveCfg = Debug|Any CPU
		{223FDB1F-ED41-4F44-B72D-6E0F3C9F1050}.Debug|x64.Build.0 = Debug|Any CPU
		{223FDB1F-ED41-4F44-B72D-6E0F3C9F1050}.Debug|x86.ActiveCfg = Debug|Any CPU
		{223FDB1F-ED41-4F44-B72D-6E0F3C9F1050}.Debug|x86.Build.0 = Debug|Any CPU
		{223FDB1F-ED41-4F44-B72D-6E0F3C9F1050}.Release|Any CPU.ActiveCfg = Release|Any CPU
		{223FDB1F-ED41-4F44-B72D-6E0F3C9F1050}.Release|Any CPU.Build.0 = Release|Any CPU
		{223FDB1F-ED41-4F44-B72D-6E0F3C9F1050}.Release|x64.ActiveCfg = Release|Any CPU
		{223FDB1F-ED41-4F44-B72D-6E0F3C9F1050}.Release|x64.Build.0 = Release|Any CPU
		{223FDB1F-ED41-4F44-B72D-6E0F3C9F1050}.Release|x86.ActiveCfg = Release|Any CPU
		{223FDB1F-ED41-4F44-B72D-6E0F3C9F1050}.Release|x86.Build.0 = Release|Any CPU
		{2BC49330-8987-4C44-BAD7-C7BAD5AD9785}.Debug|Any CPU.ActiveCfg = Debug|Any CPU
		{2BC49330-8987-4C44-BAD7-C7BAD5AD9785}.Debug|Any CPU.Build.0 = Debug|Any CPU
		{2BC49330-8987-4C44-BAD7-C7BAD5AD9785}.Debug|x64.ActiveCfg = Debug|Any CPU
		{2BC49330-8987-4C44-BAD7-C7BAD5AD9785}.Debug|x64.Build.0 = Debug|Any CPU
		{2BC49330-8987-4C44-BAD7-C7BAD5AD9785}.Debug|x86.ActiveCfg = Debug|Any CPU
		{2BC49330-8987-4C44-BAD7-C7BAD5AD9785}.Debug|x86.Build.0 = Debug|Any CPU
		{2BC49330-8987-4C44-BAD7-C7BAD5AD9785}.Release|Any CPU.ActiveCfg = Release|Any CPU
		{2BC49330-8987-4C44-BAD7-C7BAD5AD9785}.Release|Any CPU.Build.0 = Release|Any CPU
		{2BC49330-8987-4C44-BAD7-C7BAD5AD9785}.Release|x64.ActiveCfg = Release|Any CPU
		{2BC49330-8987-4C44-BAD7-C7BAD5AD9785}.Release|x64.Build.0 = Release|Any CPU
		{2BC49330-8987-4C44-BAD7-C7BAD5AD9785}.Release|x86.ActiveCfg = Release|Any CPU
		{2BC49330-8987-4C44-BAD7-C7BAD5AD9785}.Release|x86.Build.0 = Release|Any CPU
		{BB38BD2F-C1C4-4A27-918F-16167B40DE9C}.Debug|Any CPU.ActiveCfg = Debug|Any CPU
		{BB38BD2F-C1C4-4A27-918F-16167B40DE9C}.Debug|Any CPU.Build.0 = Debug|Any CPU
		{BB38BD2F-C1C4-4A27-918F-16167B40DE9C}.Debug|x64.ActiveCfg = Debug|Any CPU
		{BB38BD2F-C1C4-4A27-918F-16167B40DE9C}.Debug|x64.Build.0 = Debug|Any CPU
		{BB38BD2F-C1C4-4A27-918F-16167B40DE9C}.Debug|x86.ActiveCfg = Debug|Any CPU
		{BB38BD2F-C1C4-4A27-918F-16167B40DE9C}.Debug|x86.Build.0 = Debug|Any CPU
		{BB38BD2F-C1C4-4A27-918F-16167B40DE9C}.Release|Any CPU.ActiveCfg = Release|Any CPU
		{BB38BD2F-C1C4-4A27-918F-16167B40DE9C}.Release|Any CPU.Build.0 = Release|Any CPU
		{BB38BD2F-C1C4-4A27-918F-16167B40DE9C}.Release|x64.ActiveCfg = Release|Any CPU
		{BB38BD2F-C1C4-4A27-918F-16167B40DE9C}.Release|x64.Build.0 = Release|Any CPU
		{BB38BD2F-C1C4-4A27-918F-16167B40DE9C}.Release|x86.ActiveCfg = Release|Any CPU
		{BB38BD2F-C1C4-4A27-918F-16167B40DE9C}.Release|x86.Build.0 = Release|Any CPU
		{5934B06A-A7DE-48BB-A9AB-28A0F3B8CBFD}.Debug|Any CPU.ActiveCfg = Debug|Any CPU
		{5934B06A-A7DE-48BB-A9AB-28A0F3B8CBFD}.Debug|Any CPU.Build.0 = Debug|Any CPU
		{5934B06A-A7DE-48BB-A9AB-28A0F3B8CBFD}.Debug|x64.ActiveCfg = Debug|Any CPU
		{5934B06A-A7DE-48BB-A9AB-28A0F3B8CBFD}.Debug|x64.Build.0 = Debug|Any CPU
		{5934B06A-A7DE-48BB-A9AB-28A0F3B8CBFD}.Debug|x86.ActiveCfg = Debug|Any CPU
		{5934B06A-A7DE-48BB-A9AB-28A0F3B8CBFD}.Debug|x86.Build.0 = Debug|Any CPU
		{5934B06A-A7DE-48BB-A9AB-28A0F3B8CBFD}.Release|Any CPU.ActiveCfg = Release|Any CPU
		{5934B06A-A7DE-48BB-A9AB-28A0F3B8CBFD}.Release|Any CPU.Build.0 = Release|Any CPU
		{5934B06A-A7DE-48BB-A9AB-28A0F3B8CBFD}.Release|x64.ActiveCfg = Release|Any CPU
		{5934B06A-A7DE-48BB-A9AB-28A0F3B8CBFD}.Release|x64.Build.0 = Release|Any CPU
		{5934B06A-A7DE-48BB-A9AB-28A0F3B8CBFD}.Release|x86.ActiveCfg = Release|Any CPU
		{5934B06A-A7DE-48BB-A9AB-28A0F3B8CBFD}.Release|x86.Build.0 = Release|Any CPU
	EndGlobalSection
EndGlobal
